
Microsoft Visual Studio Solution File, Format Version 12.00
# Visual Studio Version 17
VisualStudioVersion = 17.6.33801.468
MinimumVisualStudioVersion = 10.0.40219.1
Project("{9A19103F-16F7-4668-BE54-9A1E7A4F7556}") = "FileScanner", "FileScanner\FileScanner.csproj", "{45A0B0CC-BA1B-4CC8-A273-2DDB1F959E5A}"
EndProject
Global
	GlobalSection(SolutionConfigurationPlatforms) = preSolution
		Debug|Any CPU = Debug|Any CPU
		Release|Any CPU = Release|Any CPU
	EndGlobalSection
	GlobalSection(ProjectConfigurationPlatforms) = postSolution
		{45A0B0CC-BA1B-4CC8-A273-2DDB1F959E5A}.Debug|Any CPU.ActiveCfg = Release|Any CPU
		{45A0B0CC-BA1B-4CC8-A273-2DDB1F959E5A}.Debug|Any CPU.Build.0 = Release|Any CPU
		{45A0B0CC-BA1B-4CC8-A273-2DDB1F959E5A}.Release|Any CPU.ActiveCfg = Release|Any CPU
		{45A0B0CC-BA1B-4CC8-A273-2DDB1F959E5A}.Release|Any CPU.Build.0 = Release|Any CPU
	EndGlobalSection
	GlobalSection(SolutionProperties) = preSolution
		HideSolutionNode = FALSE
	EndGlobalSection
	GlobalSection(ExtensibilityGlobals) = postSolution
		SolutionGuid = {EF0261A0-2BDA-4737-8992-46F45CB5972F}
	EndGlobalSection
EndGlobal
